
Microsoft Visual Studio Solution File, Format Version 12.00
# Visual Studio 2017
Project("{FAE04EC0-301F-11D3-BF4B-00C04F79EFBC}") = "SEU", "SEU.csproj", "{513BAD10-B977-FB40-AEE0-5B4BB6FB3614}"
EndProject
Project("{FAE04EC0-301F-11D3-BF4B-00C04F79EFBC}") = "SEU.Editor", "SEU.Editor.csproj", "{9D383085-652B-D4AB-D608-BA438653AA9E}"
EndProject
Global
	GlobalSection(SolutionConfigurationPlatforms) = preSolution
		Debug|Any CPU = Debug|Any CPU
		Release|Any CPU = Release|Any CPU
	EndGlobalSection
	GlobalSection(ProjectConfigurationPlatforms) = postSolution
		{513BAD10-B977-FB40-AEE0-5B4BB6FB3614}.Debug|Any CPU.ActiveCfg = Debug|Any CPU
		{513BAD10-B977-FB40-AEE0-5B4BB6FB3614}.Debug|Any CPU.Build.0 = Debug|Any CPU
		{513BAD10-B977-FB40-AEE0-5B4BB6FB3614}.Release|Any CPU.ActiveCfg = Release|Any CPU
		{513BAD10-B977-FB40-AEE0-5B4BB6FB3614}.Release|Any CPU.Build.0 = Release|Any CPU
		{9D383085-652B-D4AB-D608-BA438653AA9E}.Debug|Any CPU.ActiveCfg = Debug|Any CPU
		{9D383085-652B-D4AB-D608-BA438653AA9E}.Debug|Any CPU.Build.0 = Debug|Any CPU
		{9D383085-652B-D4AB-D608-BA438653AA9E}.Release|Any CPU.ActiveCfg = Release|Any CPU
		{9D383085-652B-D4AB-D608-BA438653AA9E}.Release|Any CPU.Build.0 = Release|Any CPU
	EndGlobalSection
	GlobalSection(SolutionProperties) = preSolution
		HideSolutionNode = FALSE
	EndGlobalSection
EndGlobal
